
Microsoft Visual Studio Solution File, Format Version 12.00
# Visual Studio Version 17
VisualStudioVersion = 17.1.32421.90
MinimumVisualStudioVersion = 10.0.40219.1
Project("{2150E333-8FDC-42A3-9474-1A3956D46DE8}") = "src", "src", "{C06662F7-663D-487E-AE2B-97B8511E7F75}"
EndProject
Project("{9A19103F-16F7-4668-BE54-9A1E7A4F7556}") = "QuokkaDev.Package", "src\QuokkaDev.Package\QuokkaDev.Package.csproj", "{3604AEEC-3D3D-4360-978B-477157D3CFAE}"
EndProject
Project("{2150E333-8FDC-42A3-9474-1A3956D46DE8}") = "test", "test", "{63BD9DB4-1DFE-47BD-BFCC-2B5A356687DA}"
EndProject
Project("{9A19103F-16F7-4668-BE54-9A1E7A4F7556}") = "QuokkaDev.Package.Tests", "test\QuokkaDev.Package.Tests\QuokkaDev.Package.Tests.csproj", "{1D762AFC-1EE2-4951-B7E0-3DF15883659E}"
EndProject
Project("{2150E333-8FDC-42A3-9474-1A3956D46DE8}") = "Solution Items", "Solution Items", "{B82C79C5-590F-42BB-88B8-ABE92213A6EB}"
	ProjectSection(SolutionItems) = preProject
		.editorconfig = .editorconfig
		README.md = README.md
	EndProjectSection
EndProject
Global
	GlobalSection(SolutionConfigurationPlatforms) = preSolution
		Debug|Any CPU = Debug|Any CPU
		Release|Any CPU = Release|Any CPU
	EndGlobalSection
	GlobalSection(ProjectConfigurationPlatforms) = postSolution
		{3604AEEC-3D3D-4360-978B-477157D3CFAE}.Debug|Any CPU.ActiveCfg = Debug|Any CPU
		{3604AEEC-3D3D-4360-978B-477157D3CFAE}.Debug|Any CPU.Build.0 = Debug|Any CPU
		{3604AEEC-3D3D-4360-978B-477157D3CFAE}.Release|Any CPU.ActiveCfg = Release|Any CPU
		{3604AEEC-3D3D-4360-978B-477157D3CFAE}.Release|Any CPU.Build.0 = Release|Any CPU
		{1D762AFC-1EE2-4951-B7E0-3DF15883659E}.Debug|Any CPU.ActiveCfg = Debug|Any CPU
		{1D762AFC-1EE2-4951-B7E0-3DF15883659E}.Debug|Any CPU.Build.0 = Debug|Any CPU
		{1D762AFC-1EE2-4951-B7E0-3DF15883659E}.Release|Any CPU.ActiveCfg = Release|Any CPU
		{1D762AFC-1EE2-4951-B7E0-3DF15883659E}.Release|Any CPU.Build.0 = Release|Any CPU
	EndGlobalSection
	GlobalSection(SolutionProperties) = preSolution
		HideSolutionNode = FALSE
	EndGlobalSection
	GlobalSection(NestedProjects) = preSolution
		{3604AEEC-3D3D-4360-978B-477157D3CFAE} = {C06662F7-663D-487E-AE2B-97B8511E7F75}
		{1D762AFC-1EE2-4951-B7E0-3DF15883659E} = {63BD9DB4-1DFE-47BD-BFCC-2B5A356687DA}
	EndGlobalSection
	GlobalSection(ExtensibilityGlobals) = postSolution
		SolutionGuid = {3D5F0CF9-C6B8-4C7F-8B0E-F4097DAD98D5}
	EndGlobalSection
EndGlobal
