
Microsoft Visual Studio Solution File, Format Version 12.00
# Visual Studio Version 17
VisualStudioVersion = 17.1.32421.90
MinimumVisualStudioVersion = 10.0.40219.1
Project("{FAE04EC0-301F-11D3-BF4B-00C04F79EFBC}") = "QuokkaDevVSIXTemplates", "QuokkaDevVSIXTemplates\QuokkaDevVSIXTemplates.csproj", "{9D6C812C-8E4E-4FD9-8DAA-393145975F58}"
EndProject
Project("{FAE04EC0-301F-11D3-BF4B-00C04F79EFBC}") = "CqrsUseCaseTemplate", "UseCaseTemplate\CqrsUseCaseTemplate.csproj", "{BF62AF12-5031-4211-AFAB-AC2A62F3C0A0}"
EndProject
Project("{FAE04EC0-301F-11D3-BF4B-00C04F79EFBC}") = "CqrsCommandTemplate", "CqrsCommandTemplate\CqrsCommandTemplate.csproj", "{1D7D2C4E-6B09-472D-BD72-E19DC736A352}"
EndProject
Project("{FAE04EC0-301F-11D3-BF4B-00C04F79EFBC}") = "CqrsQueryTemplate", "CqrsQueryTemplate\CqrsQueryTemplate.csproj", "{7C6D7D52-BFA0-47AB-8715-440FDEDDDD07}"
EndProject
Project("{FAE04EC0-301F-11D3-BF4B-00C04F79EFBC}") = "CqrsCommandHandlerTemplate", "CqrsCommandHandlerTemplate\CqrsCommandHandlerTemplate.csproj", "{7D8901E6-C1E2-40BA-A81B-27D7FE96D4ED}"
EndProject
Project("{FAE04EC0-301F-11D3-BF4B-00C04F79EFBC}") = "CqrsQueryHandlerTemplate", "CqrsQueryHandlerTemplate\CqrsQueryHandlerTemplate.csproj", "{A9661130-71BE-430F-B4EF-77738DFA8E94}"
EndProject
Project("{FAE04EC0-301F-11D3-BF4B-00C04F79EFBC}") = "CqrsCommandValidatorTemplate", "CqrsCommandValidatorTemplate\CqrsCommandValidatorTemplate.csproj", "{6A7F41C3-3B14-4343-B692-0525F9C15156}"
EndProject
Project("{FAE04EC0-301F-11D3-BF4B-00C04F79EFBC}") = "CqrsQueryValidatorTemplate", "CqrsQueryValidatorTemplate\CqrsQueryValidatorTemplate.csproj", "{9DE57FA8-6945-4922-B959-DE384375ABF4}"
EndProject
Project("{FAE04EC0-301F-11D3-BF4B-00C04F79EFBC}") = "CqrsCommandAndHandlerTemplate", "CqrsCommandAndHandlerTemplate\CqrsCommandAndHandlerTemplate.csproj", "{BB0C8F5B-1A3E-483D-BB36-65F278F70ABA}"
EndProject
Project("{FAE04EC0-301F-11D3-BF4B-00C04F79EFBC}") = "CqrsQueryAndHandlerTemplate", "CqrsQueryAndHandlerTemplate\CqrsQueryAndHandlerTemplate.csproj", "{4F7E800C-849F-4758-B4D6-5DDBED8A3A09}"
EndProject
Project("{FAE04EC0-301F-11D3-BF4B-00C04F79EFBC}") = "WebApiControllerTemplate", "WebApiControllerTemplate\WebApiControllerTemplate.csproj", "{FB9FA00E-1835-4940-99BD-74D2862F0B13}"
EndProject
Project("{2150E333-8FDC-42A3-9474-1A3956D46DE8}") = "Cqrs", "Cqrs", "{18CB6CF0-C4CE-4803-9BBB-56A13FA16FF4}"
EndProject
Project("{2150E333-8FDC-42A3-9474-1A3956D46DE8}") = "Web", "Web", "{9A5A29A3-4A10-4A3D-A49B-CA8911149669}"
EndProject
Project("{2150E333-8FDC-42A3-9474-1A3956D46DE8}") = "DataAccess", "DataAccess", "{894A206A-161A-4355-97BA-FAFE4CCF7B02}"
EndProject
Project("{FAE04EC0-301F-11D3-BF4B-00C04F79EFBC}") = "DataAccessRepositoryTemplate", "DataAccessRepositoryTemplate\DataAccessRepositoryTemplate.csproj", "{113E675D-D9B9-4C49-ACA1-F4289ACE968F}"
EndProject
Project("{FAE04EC0-301F-11D3-BF4B-00C04F79EFBC}") = "MiddlewareTemplate", "MiddlewareTemplate\MiddlewareTemplate.csproj", "{A43828A1-0E6B-42ED-B634-11F2CC62232E}"
EndProject
Project("{FAE04EC0-301F-11D3-BF4B-00C04F79EFBC}") = "WebApiActionFilterTemplate", "WebApiActionFilterTemplate\WebApiActionFilterTemplate.csproj", "{83C5788D-A8A3-47C1-8E80-E01FAB2E3579}"
EndProject
Project("{FAE04EC0-301F-11D3-BF4B-00C04F79EFBC}") = "WebApiExceptionFilterTemplate", "WebApiExceptionFilterTemplate\WebApiExceptionFilterTemplate.csproj", "{C59DA0F2-3F2B-4E7C-BF44-92ACE2F0BC67}"
EndProject
Project("{FAE04EC0-301F-11D3-BF4B-00C04F79EFBC}") = "WebApiResultFilterTemplate", "WebApiResultFilterTemplate\WebApiResultFilterTemplate.csproj", "{54D1FEB8-91D9-4AF3-9A31-E6C9D512D6A8}"
EndProject
Project("{FAE04EC0-301F-11D3-BF4B-00C04F79EFBC}") = "WebApiPolicyRequirementTemplate", "WebApiPolicyRequirementTemplate\WebApiPolicyRequirementTemplate.csproj", "{D0E2D93F-AA21-456D-8B72-D3AFEA8545DD}"
EndProject
Project("{FAE04EC0-301F-11D3-BF4B-00C04F79EFBC}") = "AuthorizationFilterTemplate", "AuthorizationFilterTemplate\AuthorizationFilterTemplate.csproj", "{8ED2F8A1-9611-494A-B81F-A6EA07A69E61}"
EndProject
Project("{FAE04EC0-301F-11D3-BF4B-00C04F79EFBC}") = "QueryServiceTemplate", "QueryServiceTemplate\QueryServiceTemplate.csproj", "{ACF75BA6-9A5B-48F6-9B91-010610BBD177}"
EndProject
Project("{2150E333-8FDC-42A3-9474-1A3956D46DE8}") = "Testing", "Testing", "{11CC2293-1348-4AF4-BF7D-578DDB547EF1}"
EndProject
Project("{FAE04EC0-301F-11D3-BF4B-00C04F79EFBC}") = "XUnitTestTemplate", "XUnitTestTemplate\XUnitTestTemplate.csproj", "{3630AAD6-3EE2-42C6-972D-450D025F23C3}"
EndProject
Project("{FAE04EC0-301F-11D3-BF4B-00C04F79EFBC}") = "DbContextTemplate", "DbContextTemplate\DbContextTemplate.csproj", "{43058E10-EF27-4F2B-AB7D-D2D8D5CE945E}"
EndProject
Project("{FAE04EC0-301F-11D3-BF4B-00C04F79EFBC}") = "EntityConfigurationTemplate", "EntityConfigurationTemplate\EntityConfigurationTemplate.csproj", "{9160430A-834B-4825-831B-0559EFA74E4C}"
EndProject
Project("{FAE04EC0-301F-11D3-BF4B-00C04F79EFBC}") = "CqrsNotificationHandlerTemplate", "CqrsNotificationHandlerTemplate\CqrsNotificationHandlerTemplate.csproj", "{17498975-AB91-47D1-B094-F55E351EC77D}"
EndProject
Project("{2150E333-8FDC-42A3-9474-1A3956D46DE8}") = "Domain", "Domain", "{2D97AA4E-FFD8-44D4-BFA2-6EBBA10E1344}"
EndProject
Project("{FAE04EC0-301F-11D3-BF4B-00C04F79EFBC}") = "DomainEntityKey", "DomainEntityKey\DomainEntityKey.csproj", "{ECCD537D-AE00-4F0A-8E77-6E5026DBB356}"
EndProject
Global
	GlobalSection(SolutionConfigurationPlatforms) = preSolution
		Debug|Any CPU = Debug|Any CPU
		Debug|arm64 = Debug|arm64
		Debug|x86 = Debug|x86
		Release|Any CPU = Release|Any CPU
		Release|arm64 = Release|arm64
		Release|x86 = Release|x86
	EndGlobalSection
	GlobalSection(ProjectConfigurationPlatforms) = postSolution
		{9D6C812C-8E4E-4FD9-8DAA-393145975F58}.Debug|Any CPU.ActiveCfg = Debug|Any CPU
		{9D6C812C-8E4E-4FD9-8DAA-393145975F58}.Debug|Any CPU.Build.0 = Debug|Any CPU
		{9D6C812C-8E4E-4FD9-8DAA-393145975F58}.Debug|arm64.ActiveCfg = Debug|Any CPU
		{9D6C812C-8E4E-4FD9-8DAA-393145975F58}.Debug|arm64.Build.0 = Debug|Any CPU
		{9D6C812C-8E4E-4FD9-8DAA-393145975F58}.Debug|x86.ActiveCfg = Debug|x86
		{9D6C812C-8E4E-4FD9-8DAA-393145975F58}.Debug|x86.Build.0 = Debug|x86
		{9D6C812C-8E4E-4FD9-8DAA-393145975F58}.Release|Any CPU.ActiveCfg = Release|Any CPU
		{9D6C812C-8E4E-4FD9-8DAA-393145975F58}.Release|Any CPU.Build.0 = Release|Any CPU
		{9D6C812C-8E4E-4FD9-8DAA-393145975F58}.Release|arm64.ActiveCfg = Release|Any CPU
		{9D6C812C-8E4E-4FD9-8DAA-393145975F58}.Release|arm64.Build.0 = Release|Any CPU
		{9D6C812C-8E4E-4FD9-8DAA-393145975F58}.Release|x86.ActiveCfg = Release|x86
		{9D6C812C-8E4E-4FD9-8DAA-393145975F58}.Release|x86.Build.0 = Release|x86
		{BF62AF12-5031-4211-AFAB-AC2A62F3C0A0}.Debug|Any CPU.ActiveCfg = Debug|Any CPU
		{BF62AF12-5031-4211-AFAB-AC2A62F3C0A0}.Debug|Any CPU.Build.0 = Debug|Any CPU
		{BF62AF12-5031-4211-AFAB-AC2A62F3C0A0}.Debug|arm64.ActiveCfg = Debug|arm64
		{BF62AF12-5031-4211-AFAB-AC2A62F3C0A0}.Debug|arm64.Build.0 = Debug|arm64
		{BF62AF12-5031-4211-AFAB-AC2A62F3C0A0}.Debug|x86.ActiveCfg = Debug|x86
		{BF62AF12-5031-4211-AFAB-AC2A62F3C0A0}.Debug|x86.Build.0 = Debug|x86
		{BF62AF12-5031-4211-AFAB-AC2A62F3C0A0}.Release|Any CPU.ActiveCfg = Release|Any CPU
		{BF62AF12-5031-4211-AFAB-AC2A62F3C0A0}.Release|Any CPU.Build.0 = Release|Any CPU
		{BF62AF12-5031-4211-AFAB-AC2A62F3C0A0}.Release|arm64.ActiveCfg = Release|arm64
		{BF62AF12-5031-4211-AFAB-AC2A62F3C0A0}.Release|arm64.Build.0 = Release|arm64
		{BF62AF12-5031-4211-AFAB-AC2A62F3C0A0}.Release|x86.ActiveCfg = Release|x86
		{BF62AF12-5031-4211-AFAB-AC2A62F3C0A0}.Release|x86.Build.0 = Release|x86
		{1D7D2C4E-6B09-472D-BD72-E19DC736A352}.Debug|Any CPU.ActiveCfg = Debug|Any CPU
		{1D7D2C4E-6B09-472D-BD72-E19DC736A352}.Debug|Any CPU.Build.0 = Debug|Any CPU
		{1D7D2C4E-6B09-472D-BD72-E19DC736A352}.Debug|arm64.ActiveCfg = Debug|arm64
		{1D7D2C4E-6B09-472D-BD72-E19DC736A352}.Debug|arm64.Build.0 = Debug|arm64
		{1D7D2C4E-6B09-472D-BD72-E19DC736A352}.Debug|x86.ActiveCfg = Debug|x86
		{1D7D2C4E-6B09-472D-BD72-E19DC736A352}.Debug|x86.Build.0 = Debug|x86
		{1D7D2C4E-6B09-472D-BD72-E19DC736A352}.Release|Any CPU.ActiveCfg = Release|Any CPU
		{1D7D2C4E-6B09-472D-BD72-E19DC736A352}.Release|Any CPU.Build.0 = Release|Any CPU
		{1D7D2C4E-6B09-472D-BD72-E19DC736A352}.Release|arm64.ActiveCfg = Release|arm64
		{1D7D2C4E-6B09-472D-BD72-E19DC736A352}.Release|arm64.Build.0 = Release|arm64
		{1D7D2C4E-6B09-472D-BD72-E19DC736A352}.Release|x86.ActiveCfg = Release|x86
		{1D7D2C4E-6B09-472D-BD72-E19DC736A352}.Release|x86.Build.0 = Release|x86
		{7C6D7D52-BFA0-47AB-8715-440FDEDDDD07}.Debug|Any CPU.ActiveCfg = Debug|Any CPU
		{7C6D7D52-BFA0-47AB-8715-440FDEDDDD07}.Debug|Any CPU.Build.0 = Debug|Any CPU
		{7C6D7D52-BFA0-47AB-8715-440FDEDDDD07}.Debug|arm64.ActiveCfg = Debug|arm64
		{7C6D7D52-BFA0-47AB-8715-440FDEDDDD07}.Debug|arm64.Build.0 = Debug|arm64
		{7C6D7D52-BFA0-47AB-8715-440FDEDDDD07}.Debug|x86.ActiveCfg = Debug|x86
		{7C6D7D52-BFA0-47AB-8715-440FDEDDDD07}.Debug|x86.Build.0 = Debug|x86
		{7C6D7D52-BFA0-47AB-8715-440FDEDDDD07}.Release|Any CPU.ActiveCfg = Release|Any CPU
		{7C6D7D52-BFA0-47AB-8715-440FDEDDDD07}.Release|Any CPU.Build.0 = Release|Any CPU
		{7C6D7D52-BFA0-47AB-8715-440FDEDDDD07}.Release|arm64.ActiveCfg = Release|arm64
		{7C6D7D52-BFA0-47AB-8715-440FDEDDDD07}.Release|arm64.Build.0 = Release|arm64
		{7C6D7D52-BFA0-47AB-8715-440FDEDDDD07}.Release|x86.ActiveCfg = Release|x86
		{7C6D7D52-BFA0-47AB-8715-440FDEDDDD07}.Release|x86.Build.0 = Release|x86
		{7D8901E6-C1E2-40BA-A81B-27D7FE96D4ED}.Debug|Any CPU.ActiveCfg = Debug|Any CPU
		{7D8901E6-C1E2-40BA-A81B-27D7FE96D4ED}.Debug|Any CPU.Build.0 = Debug|Any CPU
		{7D8901E6-C1E2-40BA-A81B-27D7FE96D4ED}.Debug|arm64.ActiveCfg = Debug|arm64
		{7D8901E6-C1E2-40BA-A81B-27D7FE96D4ED}.Debug|arm64.Build.0 = Debug|arm64
		{7D8901E6-C1E2-40BA-A81B-27D7FE96D4ED}.Debug|x86.ActiveCfg = Debug|x86
		{7D8901E6-C1E2-40BA-A81B-27D7FE96D4ED}.Debug|x86.Build.0 = Debug|x86
		{7D8901E6-C1E2-40BA-A81B-27D7FE96D4ED}.Release|Any CPU.ActiveCfg = Release|Any CPU
		{7D8901E6-C1E2-40BA-A81B-27D7FE96D4ED}.Release|Any CPU.Build.0 = Release|Any CPU
		{7D8901E6-C1E2-40BA-A81B-27D7FE96D4ED}.Release|arm64.ActiveCfg = Release|arm64
		{7D8901E6-C1E2-40BA-A81B-27D7FE96D4ED}.Release|arm64.Build.0 = Release|arm64
		{7D8901E6-C1E2-40BA-A81B-27D7FE96D4ED}.Release|x86.ActiveCfg = Release|x86
		{7D8901E6-C1E2-40BA-A81B-27D7FE96D4ED}.Release|x86.Build.0 = Release|x86
		{A9661130-71BE-430F-B4EF-77738DFA8E94}.Debug|Any CPU.ActiveCfg = Debug|Any CPU
		{A9661130-71BE-430F-B4EF-77738DFA8E94}.Debug|Any CPU.Build.0 = Debug|Any CPU
		{A9661130-71BE-430F-B4EF-77738DFA8E94}.Debug|arm64.ActiveCfg = Debug|arm64
		{A9661130-71BE-430F-B4EF-77738DFA8E94}.Debug|arm64.Build.0 = Debug|arm64
		{A9661130-71BE-430F-B4EF-77738DFA8E94}.Debug|x86.ActiveCfg = Debug|x86
		{A9661130-71BE-430F-B4EF-77738DFA8E94}.Debug|x86.Build.0 = Debug|x86
		{A9661130-71BE-430F-B4EF-77738DFA8E94}.Release|Any CPU.ActiveCfg = Release|Any CPU
		{A9661130-71BE-430F-B4EF-77738DFA8E94}.Release|Any CPU.Build.0 = Release|Any CPU
		{A9661130-71BE-430F-B4EF-77738DFA8E94}.Release|arm64.ActiveCfg = Release|arm64
		{A9661130-71BE-430F-B4EF-77738DFA8E94}.Release|arm64.Build.0 = Release|arm64
		{A9661130-71BE-430F-B4EF-77738DFA8E94}.Release|x86.ActiveCfg = Release|x86
		{A9661130-71BE-430F-B4EF-77738DFA8E94}.Release|x86.Build.0 = Release|x86
		{6A7F41C3-3B14-4343-B692-0525F9C15156}.Debug|Any CPU.ActiveCfg = Debug|Any CPU
		{6A7F41C3-3B14-4343-B692-0525F9C15156}.Debug|Any CPU.Build.0 = Debug|Any CPU
		{6A7F41C3-3B14-4343-B692-0525F9C15156}.Debug|arm64.ActiveCfg = Debug|arm64
		{6A7F41C3-3B14-4343-B692-0525F9C15156}.Debug|arm64.Build.0 = Debug|arm64
		{6A7F41C3-3B14-4343-B692-0525F9C15156}.Debug|x86.ActiveCfg = Debug|x86
		{6A7F41C3-3B14-4343-B692-0525F9C15156}.Debug|x86.Build.0 = Debug|x86
		{6A7F41C3-3B14-4343-B692-0525F9C15156}.Release|Any CPU.ActiveCfg = Release|Any CPU
		{6A7F41C3-3B14-4343-B692-0525F9C15156}.Release|Any CPU.Build.0 = Release|Any CPU
		{6A7F41C3-3B14-4343-B692-0525F9C15156}.Release|arm64.ActiveCfg = Release|arm64
		{6A7F41C3-3B14-4343-B692-0525F9C15156}.Release|arm64.Build.0 = Release|arm64
		{6A7F41C3-3B14-4343-B692-0525F9C15156}.Release|x86.ActiveCfg = Release|x86
		{6A7F41C3-3B14-4343-B692-0525F9C15156}.Release|x86.Build.0 = Release|x86
		{9DE57FA8-6945-4922-B959-DE384375ABF4}.Debug|Any CPU.ActiveCfg = Debug|Any CPU
		{9DE57FA8-6945-4922-B959-DE384375ABF4}.Debug|Any CPU.Build.0 = Debug|Any CPU
		{9DE57FA8-6945-4922-B959-DE384375ABF4}.Debug|arm64.ActiveCfg = Debug|arm64
		{9DE57FA8-6945-4922-B959-DE384375ABF4}.Debug|arm64.Build.0 = Debug|arm64
		{9DE57FA8-6945-4922-B959-DE384375ABF4}.Debug|x86.ActiveCfg = Debug|x86
		{9DE57FA8-6945-4922-B959-DE384375ABF4}.Debug|x86.Build.0 = Debug|x86
		{9DE57FA8-6945-4922-B959-DE384375ABF4}.Release|Any CPU.ActiveCfg = Release|Any CPU
		{9DE57FA8-6945-4922-B959-DE384375ABF4}.Release|Any CPU.Build.0 = Release|Any CPU
		{9DE57FA8-6945-4922-B959-DE384375ABF4}.Release|arm64.ActiveCfg = Release|arm64
		{9DE57FA8-6945-4922-B959-DE384375ABF4}.Release|arm64.Build.0 = Release|arm64
		{9DE57FA8-6945-4922-B959-DE384375ABF4}.Release|x86.ActiveCfg = Release|x86
		{9DE57FA8-6945-4922-B959-DE384375ABF4}.Release|x86.Build.0 = Release|x86
		{BB0C8F5B-1A3E-483D-BB36-65F278F70ABA}.Debug|Any CPU.ActiveCfg = Debug|Any CPU
		{BB0C8F5B-1A3E-483D-BB36-65F278F70ABA}.Debug|Any CPU.Build.0 = Debug|Any CPU
		{BB0C8F5B-1A3E-483D-BB36-65F278F70ABA}.Debug|arm64.ActiveCfg = Debug|arm64
		{BB0C8F5B-1A3E-483D-BB36-65F278F70ABA}.Debug|arm64.Build.0 = Debug|arm64
		{BB0C8F5B-1A3E-483D-BB36-65F278F70ABA}.Debug|x86.ActiveCfg = Debug|x86
		{BB0C8F5B-1A3E-483D-BB36-65F278F70ABA}.Debug|x86.Build.0 = Debug|x86
		{BB0C8F5B-1A3E-483D-BB36-65F278F70ABA}.Release|Any CPU.ActiveCfg = Release|Any CPU
		{BB0C8F5B-1A3E-483D-BB36-65F278F70ABA}.Release|Any CPU.Build.0 = Release|Any CPU
		{BB0C8F5B-1A3E-483D-BB36-65F278F70ABA}.Release|arm64.ActiveCfg = Release|arm64
		{BB0C8F5B-1A3E-483D-BB36-65F278F70ABA}.Release|arm64.Build.0 = Release|arm64
		{BB0C8F5B-1A3E-483D-BB36-65F278F70ABA}.Release|x86.ActiveCfg = Release|x86
		{BB0C8F5B-1A3E-483D-BB36-65F278F70ABA}.Release|x86.Build.0 = Release|x86
		{4F7E800C-849F-4758-B4D6-5DDBED8A3A09}.Debug|Any CPU.ActiveCfg = Debug|Any CPU
		{4F7E800C-849F-4758-B4D6-5DDBED8A3A09}.Debug|Any CPU.Build.0 = Debug|Any CPU
		{4F7E800C-849F-4758-B4D6-5DDBED8A3A09}.Debug|arm64.ActiveCfg = Debug|arm64
		{4F7E800C-849F-4758-B4D6-5DDBED8A3A09}.Debug|arm64.Build.0 = Debug|arm64
		{4F7E800C-849F-4758-B4D6-5DDBED8A3A09}.Debug|x86.ActiveCfg = Debug|x86
		{4F7E800C-849F-4758-B4D6-5DDBED8A3A09}.Debug|x86.Build.0 = Debug|x86
		{4F7E800C-849F-4758-B4D6-5DDBED8A3A09}.Release|Any CPU.ActiveCfg = Release|Any CPU
		{4F7E800C-849F-4758-B4D6-5DDBED8A3A09}.Release|Any CPU.Build.0 = Release|Any CPU
		{4F7E800C-849F-4758-B4D6-5DDBED8A3A09}.Release|arm64.ActiveCfg = Release|arm64
		{4F7E800C-849F-4758-B4D6-5DDBED8A3A09}.Release|arm64.Build.0 = Release|arm64
		{4F7E800C-849F-4758-B4D6-5DDBED8A3A09}.Release|x86.ActiveCfg = Release|x86
		{4F7E800C-849F-4758-B4D6-5DDBED8A3A09}.Release|x86.Build.0 = Release|x86
		{FB9FA00E-1835-4940-99BD-74D2862F0B13}.Debug|Any CPU.ActiveCfg = Debug|Any CPU
		{FB9FA00E-1835-4940-99BD-74D2862F0B13}.Debug|Any CPU.Build.0 = Debug|Any CPU
		{FB9FA00E-1835-4940-99BD-74D2862F0B13}.Debug|arm64.ActiveCfg = Debug|arm64
		{FB9FA00E-1835-4940-99BD-74D2862F0B13}.Debug|arm64.Build.0 = Debug|arm64
		{FB9FA00E-1835-4940-99BD-74D2862F0B13}.Debug|x86.ActiveCfg = Debug|x86
		{FB9FA00E-1835-4940-99BD-74D2862F0B13}.Debug|x86.Build.0 = Debug|x86
		{FB9FA00E-1835-4940-99BD-74D2862F0B13}.Release|Any CPU.ActiveCfg = Release|Any CPU
		{FB9FA00E-1835-4940-99BD-74D2862F0B13}.Release|Any CPU.Build.0 = Release|Any CPU
		{FB9FA00E-1835-4940-99BD-74D2862F0B13}.Release|arm64.ActiveCfg = Release|arm64
		{FB9FA00E-1835-4940-99BD-74D2862F0B13}.Release|arm64.Build.0 = Release|arm64
		{FB9FA00E-1835-4940-99BD-74D2862F0B13}.Release|x86.ActiveCfg = Release|x86
		{FB9FA00E-1835-4940-99BD-74D2862F0B13}.Release|x86.Build.0 = Release|x86
		{113E675D-D9B9-4C49-ACA1-F4289ACE968F}.Debug|Any CPU.ActiveCfg = Debug|Any CPU
		{113E675D-D9B9-4C49-ACA1-F4289ACE968F}.Debug|Any CPU.Build.0 = Debug|Any CPU
		{113E675D-D9B9-4C49-ACA1-F4289ACE968F}.Debug|arm64.ActiveCfg = Debug|arm64
		{113E675D-D9B9-4C49-ACA1-F4289ACE968F}.Debug|arm64.Build.0 = Debug|arm64
		{113E675D-D9B9-4C49-ACA1-F4289ACE968F}.Debug|x86.ActiveCfg = Debug|x86
		{113E675D-D9B9-4C49-ACA1-F4289ACE968F}.Debug|x86.Build.0 = Debug|x86
		{113E675D-D9B9-4C49-ACA1-F4289ACE968F}.Release|Any CPU.ActiveCfg = Release|Any CPU
		{113E675D-D9B9-4C49-ACA1-F4289ACE968F}.Release|Any CPU.Build.0 = Release|Any CPU
		{113E675D-D9B9-4C49-ACA1-F4289ACE968F}.Release|arm64.ActiveCfg = Release|arm64
		{113E675D-D9B9-4C49-ACA1-F4289ACE968F}.Release|arm64.Build.0 = Release|arm64
		{113E675D-D9B9-4C49-ACA1-F4289ACE968F}.Release|x86.ActiveCfg = Release|x86
		{113E675D-D9B9-4C49-ACA1-F4289ACE968F}.Release|x86.Build.0 = Release|x86
		{A43828A1-0E6B-42ED-B634-11F2CC62232E}.Debug|Any CPU.ActiveCfg = Debug|Any CPU
		{A43828A1-0E6B-42ED-B634-11F2CC62232E}.Debug|Any CPU.Build.0 = Debug|Any CPU
		{A43828A1-0E6B-42ED-B634-11F2CC62232E}.Debug|arm64.ActiveCfg = Debug|arm64
		{A43828A1-0E6B-42ED-B634-11F2CC62232E}.Debug|arm64.Build.0 = Debug|arm64
		{A43828A1-0E6B-42ED-B634-11F2CC62232E}.Debug|x86.ActiveCfg = Debug|x86
		{A43828A1-0E6B-42ED-B634-11F2CC62232E}.Debug|x86.Build.0 = Debug|x86
		{A43828A1-0E6B-42ED-B634-11F2CC62232E}.Release|Any CPU.ActiveCfg = Release|Any CPU
		{A43828A1-0E6B-42ED-B634-11F2CC62232E}.Release|Any CPU.Build.0 = Release|Any CPU
		{A43828A1-0E6B-42ED-B634-11F2CC62232E}.Release|arm64.ActiveCfg = Release|arm64
		{A43828A1-0E6B-42ED-B634-11F2CC62232E}.Release|arm64.Build.0 = Release|arm64
		{A43828A1-0E6B-42ED-B634-11F2CC62232E}.Release|x86.ActiveCfg = Release|x86
		{A43828A1-0E6B-42ED-B634-11F2CC62232E}.Release|x86.Build.0 = Release|x86
		{83C5788D-A8A3-47C1-8E80-E01FAB2E3579}.Debug|Any CPU.ActiveCfg = Debug|Any CPU
		{83C5788D-A8A3-47C1-8E80-E01FAB2E3579}.Debug|Any CPU.Build.0 = Debug|Any CPU
		{83C5788D-A8A3-47C1-8E80-E01FAB2E3579}.Debug|arm64.ActiveCfg = Debug|arm64
		{83C5788D-A8A3-47C1-8E80-E01FAB2E3579}.Debug|arm64.Build.0 = Debug|arm64
		{83C5788D-A8A3-47C1-8E80-E01FAB2E3579}.Debug|x86.ActiveCfg = Debug|x86
		{83C5788D-A8A3-47C1-8E80-E01FAB2E3579}.Debug|x86.Build.0 = Debug|x86
		{83C5788D-A8A3-47C1-8E80-E01FAB2E3579}.Release|Any CPU.ActiveCfg = Release|Any CPU
		{83C5788D-A8A3-47C1-8E80-E01FAB2E3579}.Release|Any CPU.Build.0 = Release|Any CPU
		{83C5788D-A8A3-47C1-8E80-E01FAB2E3579}.Release|arm64.ActiveCfg = Release|arm64
		{83C5788D-A8A3-47C1-8E80-E01FAB2E3579}.Release|arm64.Build.0 = Release|arm64
		{83C5788D-A8A3-47C1-8E80-E01FAB2E3579}.Release|x86.ActiveCfg = Release|x86
		{83C5788D-A8A3-47C1-8E80-E01FAB2E3579}.Release|x86.Build.0 = Release|x86
		{C59DA0F2-3F2B-4E7C-BF44-92ACE2F0BC67}.Debug|Any CPU.ActiveCfg = Debug|Any CPU
		{C59DA0F2-3F2B-4E7C-BF44-92ACE2F0BC67}.Debug|Any CPU.Build.0 = Debug|Any CPU
		{C59DA0F2-3F2B-4E7C-BF44-92ACE2F0BC67}.Debug|arm64.ActiveCfg = Debug|arm64
		{C59DA0F2-3F2B-4E7C-BF44-92ACE2F0BC67}.Debug|arm64.Build.0 = Debug|arm64
		{C59DA0F2-3F2B-4E7C-BF44-92ACE2F0BC67}.Debug|x86.ActiveCfg = Debug|x86
		{C59DA0F2-3F2B-4E7C-BF44-92ACE2F0BC67}.Debug|x86.Build.0 = Debug|x86
		{C59DA0F2-3F2B-4E7C-BF44-92ACE2F0BC67}.Release|Any CPU.ActiveCfg = Release|Any CPU
		{C59DA0F2-3F2B-4E7C-BF44-92ACE2F0BC67}.Release|Any CPU.Build.0 = Release|Any CPU
		{C59DA0F2-3F2B-4E7C-BF44-92ACE2F0BC67}.Release|arm64.ActiveCfg = Release|arm64
		{C59DA0F2-3F2B-4E7C-BF44-92ACE2F0BC67}.Release|arm64.Build.0 = Release|arm64
		{C59DA0F2-3F2B-4E7C-BF44-92ACE2F0BC67}.Release|x86.ActiveCfg = Release|x86
		{C59DA0F2-3F2B-4E7C-BF44-92ACE2F0BC67}.Release|x86.Build.0 = Release|x86
		{54D1FEB8-91D9-4AF3-9A31-E6C9D512D6A8}.Debug|Any CPU.ActiveCfg = Debug|Any CPU
		{54D1FEB8-91D9-4AF3-9A31-E6C9D512D6A8}.Debug|Any CPU.Build.0 = Debug|Any CPU
		{54D1FEB8-91D9-4AF3-9A31-E6C9D512D6A8}.Debug|arm64.ActiveCfg = Debug|arm64
		{54D1FEB8-91D9-4AF3-9A31-E6C9D512D6A8}.Debug|arm64.Build.0 = Debug|arm64
		{54D1FEB8-91D9-4AF3-9A31-E6C9D512D6A8}.Debug|x86.ActiveCfg = Debug|x86
		{54D1FEB8-91D9-4AF3-9A31-E6C9D512D6A8}.Debug|x86.Build.0 = Debug|x86
		{54D1FEB8-91D9-4AF3-9A31-E6C9D512D6A8}.Release|Any CPU.ActiveCfg = Release|Any CPU
		{54D1FEB8-91D9-4AF3-9A31-E6C9D512D6A8}.Release|Any CPU.Build.0 = Release|Any CPU
		{54D1FEB8-91D9-4AF3-9A31-E6C9D512D6A8}.Release|arm64.ActiveCfg = Release|arm64
		{54D1FEB8-91D9-4AF3-9A31-E6C9D512D6A8}.Release|arm64.Build.0 = Release|arm64
		{54D1FEB8-91D9-4AF3-9A31-E6C9D512D6A8}.Release|x86.ActiveCfg = Release|x86
		{54D1FEB8-91D9-4AF3-9A31-E6C9D512D6A8}.Release|x86.Build.0 = Release|x86
		{D0E2D93F-AA21-456D-8B72-D3AFEA8545DD}.Debug|Any CPU.ActiveCfg = Debug|Any CPU
		{D0E2D93F-AA21-456D-8B72-D3AFEA8545DD}.Debug|Any CPU.Build.0 = Debug|Any CPU
		{D0E2D93F-AA21-456D-8B72-D3AFEA8545DD}.Debug|arm64.ActiveCfg = Debug|arm64
		{D0E2D93F-AA21-456D-8B72-D3AFEA8545DD}.Debug|arm64.Build.0 = Debug|arm64
		{D0E2D93F-AA21-456D-8B72-D3AFEA8545DD}.Debug|x86.ActiveCfg = Debug|x86
		{D0E2D93F-AA21-456D-8B72-D3AFEA8545DD}.Debug|x86.Build.0 = Debug|x86
		{D0E2D93F-AA21-456D-8B72-D3AFEA8545DD}.Release|Any CPU.ActiveCfg = Release|Any CPU
		{D0E2D93F-AA21-456D-8B72-D3AFEA8545DD}.Release|Any CPU.Build.0 = Release|Any CPU
		{D0E2D93F-AA21-456D-8B72-D3AFEA8545DD}.Release|arm64.ActiveCfg = Release|arm64
		{D0E2D93F-AA21-456D-8B72-D3AFEA8545DD}.Release|arm64.Build.0 = Release|arm64
		{D0E2D93F-AA21-456D-8B72-D3AFEA8545DD}.Release|x86.ActiveCfg = Release|x86
		{D0E2D93F-AA21-456D-8B72-D3AFEA8545DD}.Release|x86.Build.0 = Release|x86
		{8ED2F8A1-9611-494A-B81F-A6EA07A69E61}.Debug|Any CPU.ActiveCfg = Debug|Any CPU
		{8ED2F8A1-9611-494A-B81F-A6EA07A69E61}.Debug|Any CPU.Build.0 = Debug|Any CPU
		{8ED2F8A1-9611-494A-B81F-A6EA07A69E61}.Debug|arm64.ActiveCfg = Debug|arm64
		{8ED2F8A1-9611-494A-B81F-A6EA07A69E61}.Debug|arm64.Build.0 = Debug|arm64
		{8ED2F8A1-9611-494A-B81F-A6EA07A69E61}.Debug|x86.ActiveCfg = Debug|x86
		{8ED2F8A1-9611-494A-B81F-A6EA07A69E61}.Debug|x86.Build.0 = Debug|x86
		{8ED2F8A1-9611-494A-B81F-A6EA07A69E61}.Release|Any CPU.ActiveCfg = Release|Any CPU
		{8ED2F8A1-9611-494A-B81F-A6EA07A69E61}.Release|Any CPU.Build.0 = Release|Any CPU
		{8ED2F8A1-9611-494A-B81F-A6EA07A69E61}.Release|arm64.ActiveCfg = Release|arm64
		{8ED2F8A1-9611-494A-B81F-A6EA07A69E61}.Release|arm64.Build.0 = Release|arm64
		{8ED2F8A1-9611-494A-B81F-A6EA07A69E61}.Release|x86.ActiveCfg = Release|x86
		{8ED2F8A1-9611-494A-B81F-A6EA07A69E61}.Release|x86.Build.0 = Release|x86
		{ACF75BA6-9A5B-48F6-9B91-010610BBD177}.Debug|Any CPU.ActiveCfg = Debug|Any CPU
		{ACF75BA6-9A5B-48F6-9B91-010610BBD177}.Debug|Any CPU.Build.0 = Debug|Any CPU
		{ACF75BA6-9A5B-48F6-9B91-010610BBD177}.Debug|arm64.ActiveCfg = Debug|arm64
		{ACF75BA6-9A5B-48F6-9B91-010610BBD177}.Debug|arm64.Build.0 = Debug|arm64
		{ACF75BA6-9A5B-48F6-9B91-010610BBD177}.Debug|x86.ActiveCfg = Debug|x86
		{ACF75BA6-9A5B-48F6-9B91-010610BBD177}.Debug|x86.Build.0 = Debug|x86
		{ACF75BA6-9A5B-48F6-9B91-010610BBD177}.Release|Any CPU.ActiveCfg = Release|Any CPU
		{ACF75BA6-9A5B-48F6-9B91-010610BBD177}.Release|Any CPU.Build.0 = Release|Any CPU
		{ACF75BA6-9A5B-48F6-9B91-010610BBD177}.Release|arm64.ActiveCfg = Release|arm64
		{ACF75BA6-9A5B-48F6-9B91-010610BBD177}.Release|arm64.Build.0 = Release|arm64
		{ACF75BA6-9A5B-48F6-9B91-010610BBD177}.Release|x86.ActiveCfg = Release|x86
		{ACF75BA6-9A5B-48F6-9B91-010610BBD177}.Release|x86.Build.0 = Release|x86
		{3630AAD6-3EE2-42C6-972D-450D025F23C3}.Debug|Any CPU.ActiveCfg = Debug|Any CPU
		{3630AAD6-3EE2-42C6-972D-450D025F23C3}.Debug|Any CPU.Build.0 = Debug|Any CPU
		{3630AAD6-3EE2-42C6-972D-450D025F23C3}.Debug|arm64.ActiveCfg = Debug|arm64
		{3630AAD6-3EE2-42C6-972D-450D025F23C3}.Debug|arm64.Build.0 = Debug|arm64
		{3630AAD6-3EE2-42C6-972D-450D025F23C3}.Debug|x86.ActiveCfg = Debug|x86
		{3630AAD6-3EE2-42C6-972D-450D025F23C3}.Debug|x86.Build.0 = Debug|x86
		{3630AAD6-3EE2-42C6-972D-450D025F23C3}.Release|Any CPU.ActiveCfg = Release|Any CPU
		{3630AAD6-3EE2-42C6-972D-450D025F23C3}.Release|Any CPU.Build.0 = Release|Any CPU
		{3630AAD6-3EE2-42C6-972D-450D025F23C3}.Release|arm64.ActiveCfg = Release|arm64
		{3630AAD6-3EE2-42C6-972D-450D025F23C3}.Release|arm64.Build.0 = Release|arm64
		{3630AAD6-3EE2-42C6-972D-450D025F23C3}.Release|x86.ActiveCfg = Release|x86
		{3630AAD6-3EE2-42C6-972D-450D025F23C3}.Release|x86.Build.0 = Release|x86
		{43058E10-EF27-4F2B-AB7D-D2D8D5CE945E}.Debug|Any CPU.ActiveCfg = Debug|Any CPU
		{43058E10-EF27-4F2B-AB7D-D2D8D5CE945E}.Debug|Any CPU.Build.0 = Debug|Any CPU
		{43058E10-EF27-4F2B-AB7D-D2D8D5CE945E}.Debug|arm64.ActiveCfg = Debug|arm64
		{43058E10-EF27-4F2B-AB7D-D2D8D5CE945E}.Debug|arm64.Build.0 = Debug|arm64
		{43058E10-EF27-4F2B-AB7D-D2D8D5CE945E}.Debug|x86.ActiveCfg = Debug|x86
		{43058E10-EF27-4F2B-AB7D-D2D8D5CE945E}.Debug|x86.Build.0 = Debug|x86
		{43058E10-EF27-4F2B-AB7D-D2D8D5CE945E}.Release|Any CPU.ActiveCfg = Release|Any CPU
		{43058E10-EF27-4F2B-AB7D-D2D8D5CE945E}.Release|Any CPU.Build.0 = Release|Any CPU
		{43058E10-EF27-4F2B-AB7D-D2D8D5CE945E}.Release|arm64.ActiveCfg = Release|arm64
		{43058E10-EF27-4F2B-AB7D-D2D8D5CE945E}.Release|arm64.Build.0 = Release|arm64
		{43058E10-EF27-4F2B-AB7D-D2D8D5CE945E}.Release|x86.ActiveCfg = Release|x86
		{43058E10-EF27-4F2B-AB7D-D2D8D5CE945E}.Release|x86.Build.0 = Release|x86
		{9160430A-834B-4825-831B-0559EFA74E4C}.Debug|Any CPU.ActiveCfg = Debug|Any CPU
		{9160430A-834B-4825-831B-0559EFA74E4C}.Debug|Any CPU.Build.0 = Debug|Any CPU
		{9160430A-834B-4825-831B-0559EFA74E4C}.Debug|arm64.ActiveCfg = Debug|arm64
		{9160430A-834B-4825-831B-0559EFA74E4C}.Debug|arm64.Build.0 = Debug|arm64
		{9160430A-834B-4825-831B-0559EFA74E4C}.Debug|x86.ActiveCfg = Debug|x86
		{9160430A-834B-4825-831B-0559EFA74E4C}.Debug|x86.Build.0 = Debug|x86
		{9160430A-834B-4825-831B-0559EFA74E4C}.Release|Any CPU.ActiveCfg = Release|Any CPU
		{9160430A-834B-4825-831B-0559EFA74E4C}.Release|Any CPU.Build.0 = Release|Any CPU
		{9160430A-834B-4825-831B-0559EFA74E4C}.Release|arm64.ActiveCfg = Release|arm64
		{9160430A-834B-4825-831B-0559EFA74E4C}.Release|arm64.Build.0 = Release|arm64
		{9160430A-834B-4825-831B-0559EFA74E4C}.Release|x86.ActiveCfg = Release|x86
		{9160430A-834B-4825-831B-0559EFA74E4C}.Release|x86.Build.0 = Release|x86
		{17498975-AB91-47D1-B094-F55E351EC77D}.Debug|Any CPU.ActiveCfg = Debug|Any CPU
		{17498975-AB91-47D1-B094-F55E351EC77D}.Debug|Any CPU.Build.0 = Debug|Any CPU
		{17498975-AB91-47D1-B094-F55E351EC77D}.Debug|arm64.ActiveCfg = Debug|arm64
		{17498975-AB91-47D1-B094-F55E351EC77D}.Debug|arm64.Build.0 = Debug|arm64
		{17498975-AB91-47D1-B094-F55E351EC77D}.Debug|x86.ActiveCfg = Debug|x86
		{17498975-AB91-47D1-B094-F55E351EC77D}.Debug|x86.Build.0 = Debug|x86
		{17498975-AB91-47D1-B094-F55E351EC77D}.Release|Any CPU.ActiveCfg = Release|Any CPU
		{17498975-AB91-47D1-B094-F55E351EC77D}.Release|Any CPU.Build.0 = Release|Any CPU
		{17498975-AB91-47D1-B094-F55E351EC77D}.Release|arm64.ActiveCfg = Release|arm64
		{17498975-AB91-47D1-B094-F55E351EC77D}.Release|arm64.Build.0 = Release|arm64
		{17498975-AB91-47D1-B094-F55E351EC77D}.Release|x86.ActiveCfg = Release|x86
		{17498975-AB91-47D1-B094-F55E351EC77D}.Release|x86.Build.0 = Release|x86
		{ECCD537D-AE00-4F0A-8E77-6E5026DBB356}.Debug|Any CPU.ActiveCfg = Debug|Any CPU
		{ECCD537D-AE00-4F0A-8E77-6E5026DBB356}.Debug|Any CPU.Build.0 = Debug|Any CPU
		{ECCD537D-AE00-4F0A-8E77-6E5026DBB356}.Debug|arm64.ActiveCfg = Debug|arm64
		{ECCD537D-AE00-4F0A-8E77-6E5026DBB356}.Debug|arm64.Build.0 = Debug|arm64
		{ECCD537D-AE00-4F0A-8E77-6E5026DBB356}.Debug|x86.ActiveCfg = Debug|x86
		{ECCD537D-AE00-4F0A-8E77-6E5026DBB356}.Debug|x86.Build.0 = Debug|x86
		{ECCD537D-AE00-4F0A-8E77-6E5026DBB356}.Release|Any CPU.ActiveCfg = Release|Any CPU
		{ECCD537D-AE00-4F0A-8E77-6E5026DBB356}.Release|Any CPU.Build.0 = Release|Any CPU
		{ECCD537D-AE00-4F0A-8E77-6E5026DBB356}.Release|arm64.ActiveCfg = Release|arm64
		{ECCD537D-AE00-4F0A-8E77-6E5026DBB356}.Release|arm64.Build.0 = Release|arm64
		{ECCD537D-AE00-4F0A-8E77-6E5026DBB356}.Release|x86.ActiveCfg = Release|x86
		{ECCD537D-AE00-4F0A-8E77-6E5026DBB356}.Release|x86.Build.0 = Release|x86
	EndGlobalSection
	GlobalSection(SolutionProperties) = preSolution
		HideSolutionNode = FALSE
	EndGlobalSection
	GlobalSection(NestedProjects) = preSolution
		{BF62AF12-5031-4211-AFAB-AC2A62F3C0A0} = {18CB6CF0-C4CE-4803-9BBB-56A13FA16FF4}
		{1D7D2C4E-6B09-472D-BD72-E19DC736A352} = {18CB6CF0-C4CE-4803-9BBB-56A13FA16FF4}
		{7C6D7D52-BFA0-47AB-8715-440FDEDDDD07} = {18CB6CF0-C4CE-4803-9BBB-56A13FA16FF4}
		{7D8901E6-C1E2-40BA-A81B-27D7FE96D4ED} = {18CB6CF0-C4CE-4803-9BBB-56A13FA16FF4}
		{A9661130-71BE-430F-B4EF-77738DFA8E94} = {18CB6CF0-C4CE-4803-9BBB-56A13FA16FF4}
		{6A7F41C3-3B14-4343-B692-0525F9C15156} = {18CB6CF0-C4CE-4803-9BBB-56A13FA16FF4}
		{9DE57FA8-6945-4922-B959-DE384375ABF4} = {18CB6CF0-C4CE-4803-9BBB-56A13FA16FF4}
		{BB0C8F5B-1A3E-483D-BB36-65F278F70ABA} = {18CB6CF0-C4CE-4803-9BBB-56A13FA16FF4}
		{4F7E800C-849F-4758-B4D6-5DDBED8A3A09} = {18CB6CF0-C4CE-4803-9BBB-56A13FA16FF4}
		{FB9FA00E-1835-4940-99BD-74D2862F0B13} = {9A5A29A3-4A10-4A3D-A49B-CA8911149669}
		{113E675D-D9B9-4C49-ACA1-F4289ACE968F} = {894A206A-161A-4355-97BA-FAFE4CCF7B02}
		{A43828A1-0E6B-42ED-B634-11F2CC62232E} = {9A5A29A3-4A10-4A3D-A49B-CA8911149669}
		{83C5788D-A8A3-47C1-8E80-E01FAB2E3579} = {9A5A29A3-4A10-4A3D-A49B-CA8911149669}
		{C59DA0F2-3F2B-4E7C-BF44-92ACE2F0BC67} = {9A5A29A3-4A10-4A3D-A49B-CA8911149669}
		{54D1FEB8-91D9-4AF3-9A31-E6C9D512D6A8} = {9A5A29A3-4A10-4A3D-A49B-CA8911149669}
		{D0E2D93F-AA21-456D-8B72-D3AFEA8545DD} = {9A5A29A3-4A10-4A3D-A49B-CA8911149669}
		{8ED2F8A1-9611-494A-B81F-A6EA07A69E61} = {9A5A29A3-4A10-4A3D-A49B-CA8911149669}
		{ACF75BA6-9A5B-48F6-9B91-010610BBD177} = {894A206A-161A-4355-97BA-FAFE4CCF7B02}
		{3630AAD6-3EE2-42C6-972D-450D025F23C3} = {11CC2293-1348-4AF4-BF7D-578DDB547EF1}
		{43058E10-EF27-4F2B-AB7D-D2D8D5CE945E} = {894A206A-161A-4355-97BA-FAFE4CCF7B02}
		{9160430A-834B-4825-831B-0559EFA74E4C} = {894A206A-161A-4355-97BA-FAFE4CCF7B02}
		{17498975-AB91-47D1-B094-F55E351EC77D} = {18CB6CF0-C4CE-4803-9BBB-56A13FA16FF4}
		{ECCD537D-AE00-4F0A-8E77-6E5026DBB356} = {2D97AA4E-FFD8-44D4-BFA2-6EBBA10E1344}
	EndGlobalSection
	GlobalSection(ExtensibilityGlobals) = postSolution
		SolutionGuid = {E3391538-A878-4106-8849-FDF07ECC4B4B}
	EndGlobalSection
EndGlobal
